# Generated by pub
# See http://pub.dartlang.org/doc/glossary.html#lockfile
packages:
  analyzer_experimental:
    description: analyzer_experimental
    source: hosted
    version: "0.6.5"
  args:
    description: args
    source: hosted
    version: "0.6.5"
  browser:
    description: browser
    source: hosted
    version: "0.6.5"
  csslib:
    description: csslib
    source: hosted
    version: "0.4.7+10"
  html5lib:
    description: html5lib
    source: hosted
    version: "0.4.3"
  logging:
    description: logging
    source: hosted
    version: "0.6.5"
  mdv:
    description: mdv
    source: hosted
    version: "0.6.5"
  meta:
    description: meta
    source: hosted
    version: "0.6.5"
  observe:
    description: observe
    source: hosted
    version: "0.6.5"
  path:
    description: path
    source: hosted
    version: "0.6.5"
  pathos:
    description: pathos
    source: hosted
    version: "0.6.3+1"
  polymer:
    description: polymer
    source: hosted
    version: "0.5.0+1"
  serialization:
    description: serialization
    source: hosted
    version: "0.6.5"
  shadow_dom:
    description: shadow_dom
    source: hosted
    version: "0.6.3+2"
  source_maps:
    description: source_maps
    source: hosted
    version: "0.6.5"
  unittest:
    description: unittest
    source: hosted
    version: "0.6.5"
