# Generated by pub
# See http://pub.dartlang.org/doc/glossary.html#lockfile
packages:
  analyzer:
    description: analyzer
    source: hosted
    version: "0.27.1"
  args:
    description: args
    source: hosted
    version: "0.13.2"
  async:
    description:
      name: async
      url: "https://pub.dartlang.org"
    source: hosted
    version: "1.11.1"
  barback:
    description: barback
    source: hosted
    version: "0.15.2+7"
  boolean_selector:
    description:
      name: boolean_selector
      url: "https://pub.dartlang.org"
    source: hosted
    version: "1.0.2"
  browser:
    description: browser
    source: hosted
    version: "0.10.0+2"
  charcode:
    description: charcode
    source: hosted
    version: "1.1.0"
  cli_util:
    description: cli_util
    source: hosted
    version: "0.0.1+2"
  code_transformers:
    description: code_transformers
    source: hosted
    version: "0.3.1"
  collection:
    description:
      name: collection
      url: "https://pub.dartlang.org"
    source: hosted
    version: "1.9.0"
  crypto:
    description: crypto
    source: hosted
    version: "0.9.1"
  csslib:
    description: csslib
    source: hosted
    version: "0.12.2"
  dart_style:
    description: dart_style
    source: hosted
    version: "0.2.2"
  glob:
    description: glob
    source: hosted
    version: "1.0.5"
  html:
    description: html
    source: hosted
    version: "0.12.2+1"
  http:
    description:
      name: http
      url: "https://pub.dartlang.org"
    source: hosted
    version: "0.11.3+9"
  http_multi_server:
    description: http_multi_server
    source: hosted
    version: "2.0.0"
  http_parser:
    description: http_parser
    source: hosted
    version: "2.0.0"
  initialize:
    description: initialize
    source: hosted
    version: "0.6.2"
  logging:
    description: logging
    source: hosted
    version: "0.11.2"
  matcher:
    description: matcher
    source: hosted
    version: "0.12.0+1"
  mime:
    description: mime
    source: hosted
    version: "0.9.3"
  package_config:
    description: package_config
    source: hosted
    version: "0.1.3"
  package_resolver:
    description:
      name: package_resolver
      url: "https://pub.dartlang.org"
    source: hosted
    version: "1.0.1"
  path:
    description: path
    source: hosted
    version: "1.3.9"
  plugin:
    description: plugin
    source: hosted
    version: "0.1.0"
  polymer:
    description: polymer
    source: hosted
    version: "1.0.0-rc.12"
  polymer_interop:
    description: polymer_interop
    source: hosted
    version: "1.0.0-rc.8"
  pool:
    description: pool
    source: hosted
    version: "1.2.1"
  pub_semver:
    description: pub_semver
    source: hosted
    version: "1.2.3"
  reflectable:
    description: reflectable
    source: hosted
    version: "0.5.1"
  shelf:
    description:
      name: shelf
      url: "https://pub.dartlang.org"
    source: hosted
    version: "0.6.5+2"
  shelf_packages_handler:
    description:
      name: shelf_packages_handler
      url: "https://pub.dartlang.org"
    source: hosted
    version: "1.0.0"
  shelf_static:
    description: shelf_static
    source: hosted
    version: "0.2.3+2"
  shelf_web_socket:
    description:
      name: shelf_web_socket
      url: "https://pub.dartlang.org"
    source: hosted
    version: "0.2.1"
  source_map_stack_trace:
    description:
      name: source_map_stack_trace
      url: "https://pub.dartlang.org"
    source: hosted
    version: "1.1.2"
  source_maps:
    description: source_maps
    source: hosted
    version: "0.10.1"
  source_span:
    description: source_span
    source: hosted
    version: "1.2.1"
  stack_trace:
    description: stack_trace
    source: hosted
    version: "1.5.0"
  stream_channel:
    description:
      name: stream_channel
      url: "https://pub.dartlang.org"
    source: hosted
    version: "1.5.0"
  string_scanner:
    description: string_scanner
    source: hosted
    version: "0.1.4"
  test:
    description:
      name: test
      url: "https://pub.dartlang.org"
    source: hosted
    version: "0.12.15+3"
  utf:
    description: utf
    source: hosted
    version: "0.9.0+2"
  watcher:
    description: watcher
    source: hosted
    version: "0.9.7"
  web_components:
    description: web_components
    source: hosted
    version: "0.12.2"
  web_socket_channel:
    description:
      name: web_socket_channel
      url: "https://pub.dartlang.org"
    source: hosted
    version: "1.0.0"
  when:
    description: when
    source: hosted
    version: "0.2.0"
  which:
    description: which
    source: hosted
    version: "0.1.3"
  yaml:
    description: yaml
    source: hosted
    version: "2.1.7"
sdk: ">=1.14.0 <2.0.0"
