# Generated by pub
# See http://pub.dartlang.org/doc/glossary.html#lockfile
packages:
  http_server:
    description:
      name: http_server
      url: "https://pub.dartlang.org"
    source: hosted
    version: "0.9.6"
  mime:
    description:
      name: mime
      url: "https://pub.dartlang.org"
    source: hosted
    version: "0.9.3"
  path:
    description:
      name: path
      url: "https://pub.dartlang.org"
    source: hosted
    version: "1.3.9"
sdks:
  dart: ">=1.15.0 <2.0.0"
