# Generated by pub
# See http://pub.dartlang.org/doc/glossary.html#lockfile
packages:
  analyzer_experimental:
    description: analyzer_experimental
    source: hosted
    version: "0.5.20"
  args:
    description: args
    source: hosted
    version: "0.5.20"
  browser:
    description: browser
    source: hosted
    version: "0.5.20"
  csslib:
    description: csslib
    source: hosted
    version: "0.4.7+7"
  html5lib:
    description: html5lib
    source: hosted
    version: "0.4.3"
  js:
    description: js
    source: hosted
    version: "0.0.23"
  logging:
    description: logging
    source: hosted
    version: "0.5.20"
  meta:
    description: meta
    source: hosted
    version: "0.5.20"
  pathos:
    description: pathos
    source: hosted
    version: "0.5.20"
  source_maps:
    description: source_maps
    source: hosted
    version: "0.5.20"
  unittest:
    description: unittest
    source: hosted
    version: "0.5.20"
  web_ui:
    description: web_ui
    source: hosted
    version: "0.4.13"
